
Microsoft Visual Studio Solution File, Format Version 12.00
# Visual Studio Version 17
VisualStudioVersion = 17.0.31903.59
MinimumVisualStudioVersion = 10.0.40219.1
Project("{2F08BC15-189B-4804-B644-653F34C968A8}") = "rust-ffi", "Native\rust-ffi.rsproj", "{9DDB2631-6AD7-44B7-952F-E101D2CE4EFC}"
EndProject
Project("{FAE04EC0-301F-11D3-BF4B-00C04F79EFBC}") = "ProjectOrigin.PedersenCommitment", "ProjectOrigin.PedersenCommitment\ProjectOrigin.PedersenCommitment.csproj", "{1899F188-573D-42D3-9777-F4C5C2489378}"
EndProject
Project("{FAE04EC0-301F-11D3-BF4B-00C04F79EFBC}") = "ProjectOrigin.PedersenCommitment.Tests", "ProjectOrigin.PedersenCommitment.Tests\ProjectOrigin.PedersenCommitment.Tests.csproj", "{0A2E0271-8C15-4987-BD4B-C8287F2BEB3B}"
EndProject
Global
	GlobalSection(SolutionConfigurationPlatforms) = preSolution
		Debug|Any CPU = Debug|Any CPU
		Release|Any CPU = Release|Any CPU
	EndGlobalSection
	GlobalSection(SolutionProperties) = preSolution
		HideSolutionNode = FALSE
	EndGlobalSection
	GlobalSection(ProjectConfigurationPlatforms) = postSolution
		{1899F188-573D-42D3-9777-F4C5C2489378}.Debug|Any CPU.ActiveCfg = Debug|Any CPU
		{1899F188-573D-42D3-9777-F4C5C2489378}.Debug|Any CPU.Build.0 = Debug|Any CPU
		{1899F188-573D-42D3-9777-F4C5C2489378}.Release|Any CPU.ActiveCfg = Release|Any CPU
		{1899F188-573D-42D3-9777-F4C5C2489378}.Release|Any CPU.Build.0 = Release|Any CPU
		{0A2E0271-8C15-4987-BD4B-C8287F2BEB3B}.Debug|Any CPU.ActiveCfg = Debug|Any CPU
		{0A2E0271-8C15-4987-BD4B-C8287F2BEB3B}.Debug|Any CPU.Build.0 = Debug|Any CPU
		{0A2E0271-8C15-4987-BD4B-C8287F2BEB3B}.Release|Any CPU.ActiveCfg = Release|Any CPU
		{0A2E0271-8C15-4987-BD4B-C8287F2BEB3B}.Release|Any CPU.Build.0 = Release|Any CPU
		{9DDB2631-6AD7-44B7-952F-E101D2CE4EFC}.Debug|Any CPU.ActiveCfg = Debug|Any CPU
		{9DDB2631-6AD7-44B7-952F-E101D2CE4EFC}.Debug|Any CPU.Build.0 = Debug|Any CPU
		{9DDB2631-6AD7-44B7-952F-E101D2CE4EFC}.Release|Any CPU.ActiveCfg = Release|Any CPU
		{9DDB2631-6AD7-44B7-952F-E101D2CE4EFC}.Release|Any CPU.Build.0 = Release|Any CPU
	EndGlobalSection
EndGlobal
